github.com/Baumanar/reddit_api_streaming v0.0.0-20200822164019-e2508228ded6 h1:klRfPNEKy0J7+xz3K1IpniuaDwhzUdoZSGpzkRQ2kvg=
github.com/Baumanar/reddit_api_streaming v0.0.0-20200822164019-e2508228ded6/go.mod h1:gUGYLlnq/w1SOY2aDMWkuJrROdBguCtxOLQp1lO4t8A=
github.com/Baumanar/reddit_api_streaming v0.0.0-20200823095338-31236e106748 h1:p1fMWQ1p/DHJ3zC4+qseaD2jTxoneV+h9q+xrbzW6gs=
github.com/Baumanar/reddit_api_streaming v0.0.0-20200823095338-31236e106748/go.mod h1:8kfWC8kADkWJDtLCCVINYFSdu19Fm8rwu/yUtXTwFxc=
github.com/Baumanar/reddit_api_streaming v0.0.0-20200823102603-db5badcd6219 h1:wp/rMHf34ynLgUPxWCqmVLN+HkLk252OuFKWUmEd9Zs=
github.com/Baumanar/reddit_api_streaming v0.0.0-20200823102603-db5badcd6219/go.mod h1:8kfWC8kADkWJDtLCCVINYFSdu19Fm8rwu/yUtXTwFxc=
github.com/Baumanar/reddit_api_streaming v0.0.0-20200823112311-834c2e5a2798 h1:KjfqOk1hUuqlYHeCHFm7iEO2flUQG+nbszijg1mVuR8=
github.com/Baumanar/reddit_api_streaming v0.0.0-20200823112311-834c2e5a2798/go.mod h1:8kfWC8kADkWJDtLCCVINYFSdu19Fm8rwu/yUtXTwFxc=
github.com/Baumanar/reddit_api_streaming v0.0.0-20200823113148-c6a54962dd47 h1:0QE64t2BMXxyOimsEtvVw61o0Yua4vSitaq0zUOS9nQ=
github.com/Baumanar/reddit_api_streaming v0.0.0-20200823113148-c6a54962dd47/go.mod h1:zIRKIrRyhOQIawA2/k8MGayM3u53GqMRzOWPOYMBMGY=
github.com/Baumanar/reddit_api_streaming v0.0.0-20200824085306-6729a0f22652 h1:ztmajRmV+bdxUCoYNkwaxRadVd3Ly5dlCdfPsoM1o/Y=
github.com/Baumanar/reddit_api_streaming v0.0.0-20200824085306-6729a0f22652/go.mod h1:XnFnhGzXWXuAfYbPUuYCkF7XKkCG243EHGUONEpDjDQ=
github.com/Baumanar/reddit_api_streaming v0.0.0-20200910093509-0d0af2b79ad6 h1:smr+3IjF6PyfVF4P6/UKzcnLOL/e2IPgnt4qkEAPl28=
github.com/Baumanar/reddit_api_streaming v0.0.0-20200910093509-0d0af2b79ad6/go.mod h1:XnFnhGzXWXuAfYbPUuYCkF7XKkCG243EHGUONEpDjDQ=
github.com/Baumanar/reddit_api_streaming v0.0.0-20200910103317-ebf074de52b0 h1:V3jkx45IT+vbz8B87HcC4bvuACifRPwvkynJOwn6/6o=
github.com/Baumanar/reddit_api_streaming v0.0.0-20200910103317-ebf074de52b0/go.mod h1:XnFnhGzXWXuAfYbPUuYCkF7XKkCG243EHGUONEpDjDQ=
github.com/Baumanar/reddit_api_streaming v0.0.0-20200911151543-8fdee07b143a h1:aszg4vUR2cX1wBYBPMK6Gcmy58lAOFBmXOc/57V7GIU=
github.com/Baumanar/reddit_api_streaming v0.0.0-20200911151543-8fdee07b143a/go.mod h1:XnFnhGzXWXuAfYbPUuYCkF7XKkCG243EHGUONEpDjDQ=
github.com/Baumanar/reddit_api_streaming v0.0.0-20200911153801-0ab66e4c7acd h1:WyZXrtPfFa6rn60Vbw7EVeTBMaavx3YCBG78dFp86R4=
github.com/Baumanar/reddit_api_streaming v0.0.0-20200911153801-0ab66e4c7acd/go.mod h1:XnFnhGzXWXuAfYbPUuYCkF7XKkCG243EHGUONEpDjDQ=
github.com/Baumanar/reddit_api_streaming v0.0.0-20200911162402-82bade30b40e h1:K16iIsY6L0+FH/YmqnqxNOw5Q3tnJYr/A+Rqhrw06jc=
github.com/Baumanar/reddit_api_streaming v0.0.0-20200911162402-82bade30b40e/go.mod h1:XnFnhGzXWXuAfYbPUuYCkF7XKkCG243EHGUONEpDjDQ=
github.com/Baumanar/reddit_api_streaming v0.0.0-20200912084557-c2cd4b173b21 h1:qAU2dPUZ74XWG2B+SiGl86R7sdLgOVDYnGL0gTdZVoI=
github.com/Baumanar/reddit_api_streaming v0.0.0-20200912084557-c2cd4b173b21/go.mod h1:XnFnhGzXWXuAfYbPUuYCkF7XKkCG243EHGUONEpDjDQ=
github.com/Baumanar/reddit_api_streaming v0.0.0-20200912085703-87fae7f9884e h1:6eyxCkDPAywcqR8c/jHUoCWccyOpwvGZwTqY9/q0ff4=
github.com/Baumanar/reddit_api_streaming v0.0.0-20200912085703-87fae7f9884e/go.mod h1:XnFnhGzXWXuAfYbPUuYCkF7XKkCG243EHGUONEpDjDQ=
github.com/Baumanar/reddit_api_streaming v0.0.0-20200912085805-a79d890fe42e h1:yYbcIN3+5jDSeQ+vSpESWRaDRfP9m2OEwSr1v0hn8UU=
github.com/Baumanar/reddit_api_streaming v0.0.0-20200912085805-a79d890fe42e/go.mod h1:XnFnhGzXWXuAfYbPUuYCkF7XKkCG243EHGUONEpDjDQ=
github.com/Baumanar/reddit_streaming_classifier v0.0.0-20200831213136-f1bd35f350ba h1:sjJIdSNhtFgWEwKXV0iT30DyPEY52kYD2rvkOXgW2+0=
github.com/Baumanar/reddit_streaming_classifier v0.0.0-20200901122505-e8dfe0ec295a h1:M06MM+qQA4BAkw4sCScP7fnw6tf1P8dC+GSJUoL6hWU=
github.com/Baumanar/reddit_streaming_classifier v0.0.0-20200901122505-e8dfe0ec295a/go.mod h1:YpOmgFK8uX8/LgCZyl/Sr5tq5lq6TLaJ6D9qkjUgvZQ=
github.com/confluentinc/confluent-kafka-go v1.4.2 h1:13EK9RTujF7lVkvHQ5Hbu6bM+Yfrq8L0MkJNnjHSd4Q=
github.com/confluentinc/confluent-kafka-go v1.4.2/go.mod h1:u2zNLny2xq+5rWeTQjFHbDzzNuba4P1vo31r9r4uAdg=
gopkg.in/confluentinc/confluent-kafka-go.v1 v1.4.2 h1:JabkIV98VYFqYKHHzXtgGMFuRgFBNTNzBytbGByzrJI=
gopkg.in/confluentinc/confluent-kafka-go.v1 v1.4.2/go.mod h1:ZdI3yfYmdNSLQPNCpO1y00EHyWaHG5EnQEyL/ntAegY=
